// !$*UTF8*$!
{
	archiveVersion = 1;
	classes = {
	};
	objectVersion = 46;
	objects = {

/* Begin PBXBuildFile section */
		250CA34B197B1D0F006A6735 /* Foundation.framework in Frameworks */ = {isa = PBXBuildFile; fileRef = 250CA34A197B1D0F006A6735 /* Foundation.framework */; };
		250CA34D197B1D0F006A6735 /* CoreGraphics.framework in Frameworks */ = {isa = PBXBuildFile; fileRef = 250CA34C197B1D0F006A6735 /* CoreGraphics.framework */; };
		250CA34F197B1D0F006A6735 /* UIKit.framework in Frameworks */ = {isa = PBXBuildFile; fileRef = 250CA34E197B1D0F006A6735 /* UIKit.framework */; };
		250CA355197B1D0F006A6735 /* InfoPlist.strings in Resources */ = {isa = PBXBuildFile; fileRef = 250CA353197B1D0F006A6735 /* InfoPlist.strings */; };
		250CA357197B1D0F006A6735 /* main.m in Sources */ = {isa = PBXBuildFile; fileRef = 250CA356197B1D0F006A6735 /* main.m */; };
		250CA35B197B1D0F006A6735 /* SDSAppDelegate.m in Sources */ = {isa = PBXBuildFile; fileRef = 250CA35A197B1D0F006A6735 /* SDSAppDelegate.m */; };
		250CA35E197B1D0F006A6735 /* Main_iPhone.storyboard in Resources */ = {isa = PBXBuildFile; fileRef = 250CA35C197B1D0F006A6735 /* Main_iPhone.storyboard */; };
		250CA361197B1D0F006A6735 /* Main_iPad.storyboard in Resources */ = {isa = PBXBuildFile; fileRef = 250CA35F197B1D0F006A6735 /* Main_iPad.storyboard */; };
		250CA369197B1D0F006A6735 /* Images.xcassets in Resources */ = {isa = PBXBuildFile; fileRef = 250CA368197B1D0F006A6735 /* Images.xcassets */; };
		250CA370197B1D0F006A6735 /* XCTest.framework in Frameworks */ = {isa = PBXBuildFile; fileRef = 250CA36F197B1D0F006A6735 /* XCTest.framework */; };
		250CA371197B1D0F006A6735 /* Foundation.framework in Frameworks */ = {isa = PBXBuildFile; fileRef = 250CA34A197B1D0F006A6735 /* Foundation.framework */; };
		250CA372197B1D0F006A6735 /* UIKit.framework in Frameworks */ = {isa = PBXBuildFile; fileRef = 250CA34E197B1D0F006A6735 /* UIKit.framework */; };
		250CA37A197B1D0F006A6735 /* InfoPlist.strings in Resources */ = {isa = PBXBuildFile; fileRef = 250CA378197B1D0F006A6735 /* InfoPlist.strings */; };
		250CA37C197B1D0F006A6735 /* SDS_2014_2015Tests.m in Sources */ = {isa = PBXBuildFile; fileRef = 250CA37B197B1D0F006A6735 /* SDS_2014_2015Tests.m */; };
		250CA38E197B1DB0006A6735 /* SDSFacultyTVC.m in Sources */ = {isa = PBXBuildFile; fileRef = 250CA389197B1DB0006A6735 /* SDSFacultyTVC.m */; };
		250CA38F197B1DB0006A6735 /* SDSScheduleTVC.m in Sources */ = {isa = PBXBuildFile; fileRef = 250CA38B197B1DB0006A6735 /* SDSScheduleTVC.m */; };
		250CA390197B1DB0006A6735 /* SDSTeacherTVCell.m in Sources */ = {isa = PBXBuildFile; fileRef = 250CA38D197B1DB0006A6735 /* SDSTeacherTVCell.m */; };
		250CA398197B2084006A6735 /* SDSTeacherProfileVC.m in Sources */ = {isa = PBXBuildFile; fileRef = 250CA397197B2084006A6735 /* SDSTeacherProfileVC.m */; };
		2522B8E81BD437A400FCBAC3 /* Interface.storyboard in Resources */ = {isa = PBXBuildFile; fileRef = 2522B8E61BD437A400FCBAC3 /* Interface.storyboard */; };
		2522B8EA1BD437A400FCBAC3 /* Assets.xcassets in Resources */ = {isa = PBXBuildFile; fileRef = 2522B8E91BD437A400FCBAC3 /* Assets.xcassets */; };
		2522B8F11BD437A400FCBAC3 /* SDS_Watch_App Extension.appex in Embed App Extensions */ = {isa = PBXBuildFile; fileRef = 2522B8F01BD437A400FCBAC3 /* SDS_Watch_App Extension.appex */; settings = {ATTRIBUTES = (RemoveHeadersOnCopy, ); }; };
		2522B8F91BD437A400FCBAC3 /* InterfaceController.m in Sources */ = {isa = PBXBuildFile; fileRef = 2522B8F81BD437A400FCBAC3 /* InterfaceController.m */; };
		2522B8FC1BD437A400FCBAC3 /* ExtensionDelegate.m in Sources */ = {isa = PBXBuildFile; fileRef = 2522B8FB1BD437A400FCBAC3 /* ExtensionDelegate.m */; };
		2522B8FF1BD437A400FCBAC3 /* NotificationController.m in Sources */ = {isa = PBXBuildFile; fileRef = 2522B8FE1BD437A400FCBAC3 /* NotificationController.m */; };
		2522B9011BD437A400FCBAC3 /* Assets.xcassets in Resources */ = {isa = PBXBuildFile; fileRef = 2522B9001BD437A400FCBAC3 /* Assets.xcassets */; };
		2522B9051BD437A400FCBAC3 /* SDS_Watch_App.app in Embed Watch Content */ = {isa = PBXBuildFile; fileRef = 2522B8E41BD437A300FCBAC3 /* SDS_Watch_App.app */; };
		25366A9B19B7F9EF00EB2F1F /* SDSWebViewController.m in Sources */ = {isa = PBXBuildFile; fileRef = 25366A9919B7F9EF00EB2F1F /* SDSWebViewController.m */; };
		25366A9C19B7F9EF00EB2F1F /* SDSWebViewController.xib in Resources */ = {isa = PBXBuildFile; fileRef = 25366A9A19B7F9EF00EB2F1F /* SDSWebViewController.xib */; };
		2564597B1BC9DC7A005B25DC /* SDSBaseViewController.m in Sources */ = {isa = PBXBuildFile; fileRef = 2564597A1BC9DC7A005B25DC /* SDSBaseViewController.m */; };
		2564597E1BC9DD69005B25DC /* SDSBaseTableViewController.m in Sources */ = {isa = PBXBuildFile; fileRef = 2564597D1BC9DD69005B25DC /* SDSBaseTableViewController.m */; };
		258A185D1B9407A500C1BDB7 /* SDSRegisterVC.m in Sources */ = {isa = PBXBuildFile; fileRef = 258A185C1B9407A500C1BDB7 /* SDSRegisterVC.m */; };
		258D82D41BD0D35C00AAFA43 /* launch.storyboard in Resources */ = {isa = PBXBuildFile; fileRef = 258D82D31BD0D35C00AAFA43 /* launch.storyboard */; };
		259D104B1BE9C29C003F11B5 /* SDSRochesterTVC.m in Sources */ = {isa = PBXBuildFile; fileRef = 259D104A1BE9C29C003F11B5 /* SDSRochesterTVC.m */; };
		25CB36B519B4338D00F5000A /* SDSMainTBC.m in Sources */ = {isa = PBXBuildFile; fileRef = 25CB36B419B4338D00F5000A /* SDSMainTBC.m */; };
		25CB36B819B43A6E00F5000A /* SDSSocialVC.m in Sources */ = {isa = PBXBuildFile; fileRef = 25CB36B719B43A6E00F5000A /* SDSSocialVC.m */; };
		D7E25C6364F04A2588B6D697 /* libPods-SDS-2014-2015.a in Frameworks */ = {isa = PBXBuildFile; fileRef = 0EDBFE4E83784A98838E9B00 /* libPods-SDS-2014-2015.a */; };
/* End PBXBuildFile section */

/* Begin PBXContainerItemProxy section */
		250CA373197B1D0F006A6735 /* PBXContainerItemProxy */ = {
			isa = PBXContainerItemProxy;
			containerPortal = 250CA33F197B1D0F006A6735 /* Project object */;
			proxyType = 1;
			remoteGlobalIDString = 250CA346197B1D0F006A6735;
			remoteInfo = "SDS-2014-2015";
		};
		2522B8F21BD437A400FCBAC3 /* PBXContainerItemProxy */ = {
			isa = PBXContainerItemProxy;
			containerPortal = 250CA33F197B1D0F006A6735 /* Project object */;
			proxyType = 1;
			remoteGlobalIDString = 2522B8EF1BD437A400FCBAC3;
			remoteInfo = "SDS_Watch_App Extension";
		};
		2522B9031BD437A400FCBAC3 /* PBXContainerItemProxy */ = {
			isa = PBXContainerItemProxy;
			containerPortal = 250CA33F197B1D0F006A6735 /* Project object */;
			proxyType = 1;
			remoteGlobalIDString = 2522B8E31BD437A300FCBAC3;
			remoteInfo = SDS_Watch_App;
		};
/* End PBXContainerItemProxy section */

/* Begin PBXCopyFilesBuildPhase section */
		2522B8BB1BD4316900FCBAC3 /* Embed Watch Content */ = {
			isa = PBXCopyFilesBuildPhase;
			buildActionMask = 2147483647;
			dstPath = "$(CONTENTS_FOLDER_PATH)/Watch";
			dstSubfolderSpec = 16;
			files = (
				2522B9051BD437A400FCBAC3 /* SDS_Watch_App.app in Embed Watch Content */,
			);
			name = "Embed Watch Content";
			runOnlyForDeploymentPostprocessing = 0;
		};
		2522B9091BD437A400FCBAC3 /* Embed App Extensions */ = {
			isa = PBXCopyFilesBuildPhase;
			buildActionMask = 2147483647;
			dstPath = "";
			dstSubfolderSpec = 13;
			files = (
				2522B8F11BD437A400FCBAC3 /* SDS_Watch_App Extension.appex in Embed App Extensions */,
			);
			name = "Embed App Extensions";
			runOnlyForDeploymentPostprocessing = 0;
		};
/* End PBXCopyFilesBuildPhase section */

/* Begin PBXFileReference section */
		0EDBFE4E83784A98838E9B00 /* libPods-SDS-2014-2015.a */ = {isa = PBXFileReference; explicitFileType = archive.ar; includeInIndex = 0; path = "libPods-SDS-2014-2015.a"; sourceTree = BUILT_PRODUCTS_DIR; };
		250CA347197B1D0F006A6735 /* SDS-2014-2015.app */ = {isa = PBXFileReference; explicitFileType = wrapper.application; includeInIndex = 0; path = "SDS-2014-2015.app"; sourceTree = BUILT_PRODUCTS_DIR; };
		250CA34A197B1D0F006A6735 /* Foundation.framework */ = {isa = PBXFileReference; lastKnownFileType = wrapper.framework; name = Foundation.framework; path = System/Library/Frameworks/Foundation.framework; sourceTree = SDKROOT; };
		250CA34C197B1D0F006A6735 /* CoreGraphics.framework */ = {isa = PBXFileReference; lastKnownFileType = wrapper.framework; name = CoreGraphics.framework; path = System/Library/Frameworks/CoreGraphics.framework; sourceTree = SDKROOT; };
		250CA34E197B1D0F006A6735 /* UIKit.framework */ = {isa = PBXFileReference; lastKnownFileType = wrapper.framework; name = UIKit.framework; path = System/Library/Frameworks/UIKit.framework; sourceTree = SDKROOT; };
		250CA352197B1D0F006A6735 /* SDS-2014-2015-Info.plist */ = {isa = PBXFileReference; lastKnownFileType = text.plist.xml; path = "SDS-2014-2015-Info.plist"; sourceTree = "<group>"; };
		250CA354197B1D0F006A6735 /* en */ = {isa = PBXFileReference; lastKnownFileType = text.plist.strings; name = en; path = en.lproj/InfoPlist.strings; sourceTree = "<group>"; };
		250CA356197B1D0F006A6735 /* main.m */ = {isa = PBXFileReference; lastKnownFileType = sourcecode.c.objc; path = main.m; sourceTree = "<group>"; };
		250CA358197B1D0F006A6735 /* SDS-2014-2015-Prefix.pch */ = {isa = PBXFileReference; lastKnownFileType = sourcecode.c.h; path = "SDS-2014-2015-Prefix.pch"; sourceTree = "<group>"; };
		250CA359197B1D0F006A6735 /* SDSAppDelegate.h */ = {isa = PBXFileReference; lastKnownFileType = sourcecode.c.h; path = SDSAppDelegate.h; sourceTree = "<group>"; };
		250CA35A197B1D0F006A6735 /* SDSAppDelegate.m */ = {isa = PBXFileReference; lastKnownFileType = sourcecode.c.objc; path = SDSAppDelegate.m; sourceTree = "<group>"; };
		250CA35D197B1D0F006A6735 /* Base */ = {isa = PBXFileReference; lastKnownFileType = file.storyboard; name = Base; path = Base.lproj/Main_iPhone.storyboard; sourceTree = "<group>"; };
		250CA360197B1D0F006A6735 /* Base */ = {isa = PBXFileReference; lastKnownFileType = file.storyboard; name = Base; path = Base.lproj/Main_iPad.storyboard; sourceTree = "<group>"; };
		250CA368197B1D0F006A6735 /* Images.xcassets */ = {isa = PBXFileReference; lastKnownFileType = folder.assetcatalog; path = Images.xcassets; sourceTree = "<group>"; };
		250CA36E197B1D0F006A6735 /* SDS-2014-2015Tests.xctest */ = {isa = PBXFileReference; explicitFileType = wrapper.cfbundle; includeInIndex = 0; path = "SDS-2014-2015Tests.xctest"; sourceTree = BUILT_PRODUCTS_DIR; };
		250CA36F197B1D0F006A6735 /* XCTest.framework */ = {isa = PBXFileReference; lastKnownFileType = wrapper.framework; name = XCTest.framework; path = Library/Frameworks/XCTest.framework; sourceTree = DEVELOPER_DIR; };
		250CA377197B1D0F006A6735 /* SDS-2014-2015Tests-Info.plist */ = {isa = PBXFileReference; lastKnownFileType = text.plist.xml; path = "SDS-2014-2015Tests-Info.plist"; sourceTree = "<group>"; };
		250CA379197B1D0F006A6735 /* en */ = {isa = PBXFileReference; lastKnownFileType = text.plist.strings; name = en; path = en.lproj/InfoPlist.strings; sourceTree = "<group>"; };
		250CA37B197B1D0F006A6735 /* SDS_2014_2015Tests.m */ = {isa = PBXFileReference; lastKnownFileType = sourcecode.c.objc; path = SDS_2014_2015Tests.m; sourceTree = "<group>"; };
		250CA388197B1DB0006A6735 /* SDSFacultyTVC.h */ = {isa = PBXFileReference; fileEncoding = 4; lastKnownFileType = sourcecode.c.h; path = SDSFacultyTVC.h; sourceTree = "<group>"; };
		250CA389197B1DB0006A6735 /* SDSFacultyTVC.m */ = {isa = PBXFileReference; fileEncoding = 4; lastKnownFileType = sourcecode.c.objc; path = SDSFacultyTVC.m; sourceTree = "<group>"; };
		250CA38A197B1DB0006A6735 /* SDSScheduleTVC.h */ = {isa = PBXFileReference; fileEncoding = 4; lastKnownFileType = sourcecode.c.h; path = SDSScheduleTVC.h; sourceTree = "<group>"; };
		250CA38B197B1DB0006A6735 /* SDSScheduleTVC.m */ = {isa = PBXFileReference; fileEncoding = 4; lastKnownFileType = sourcecode.c.objc; path = SDSScheduleTVC.m; sourceTree = "<group>"; };
		250CA38C197B1DB0006A6735 /* SDSTeacherTVCell.h */ = {isa = PBXFileReference; fileEncoding = 4; lastKnownFileType = sourcecode.c.h; path = SDSTeacherTVCell.h; sourceTree = "<group>"; };
		250CA38D197B1DB0006A6735 /* SDSTeacherTVCell.m */ = {isa = PBXFileReference; fileEncoding = 4; lastKnownFileType = sourcecode.c.objc; path = SDSTeacherTVCell.m; sourceTree = "<group>"; };
		250CA396197B2084006A6735 /* SDSTeacherProfileVC.h */ = {isa = PBXFileReference; fileEncoding = 4; lastKnownFileType = sourcecode.c.h; path = SDSTeacherProfileVC.h; sourceTree = "<group>"; };
		250CA397197B2084006A6735 /* SDSTeacherProfileVC.m */ = {isa = PBXFileReference; fileEncoding = 4; lastKnownFileType = sourcecode.c.objc; path = SDSTeacherProfileVC.m; sourceTree = "<group>"; };
		2522B8E41BD437A300FCBAC3 /* SDS_Watch_App.app */ = {isa = PBXFileReference; explicitFileType = wrapper.application; includeInIndex = 0; path = SDS_Watch_App.app; sourceTree = BUILT_PRODUCTS_DIR; };
		2522B8E71BD437A400FCBAC3 /* Base */ = {isa = PBXFileReference; lastKnownFileType = file.storyboard; name = Base; path = Base.lproj/Interface.storyboard; sourceTree = "<group>"; };
		2522B8E91BD437A400FCBAC3 /* Assets.xcassets */ = {isa = PBXFileReference; lastKnownFileType = folder.assetcatalog; path = Assets.xcassets; sourceTree = "<group>"; };
		2522B8EB1BD437A400FCBAC3 /* Info.plist */ = {isa = PBXFileReference; lastKnownFileType = text.plist.xml; path = Info.plist; sourceTree = "<group>"; };
		2522B8F01BD437A400FCBAC3 /* SDS_Watch_App Extension.appex */ = {isa = PBXFileReference; explicitFileType = "wrapper.app-extension"; includeInIndex = 0; path = "SDS_Watch_App Extension.appex"; sourceTree = BUILT_PRODUCTS_DIR; };
		2522B8F61BD437A400FCBAC3 /* PushNotificationPayload.apns */ = {isa = PBXFileReference; lastKnownFileType = text; path = PushNotificationPayload.apns; sourceTree = "<group>"; };
		2522B8F71BD437A400FCBAC3 /* InterfaceController.h */ = {isa = PBXFileReference; lastKnownFileType = sourcecode.c.h; path = InterfaceController.h; sourceTree = "<group>"; };
		2522B8F81BD437A400FCBAC3 /* InterfaceController.m */ = {isa = PBXFileReference; lastKnownFileType = sourcecode.c.objc; path = InterfaceController.m; sourceTree = "<group>"; };
		2522B8FA1BD437A400FCBAC3 /* ExtensionDelegate.h */ = {isa = PBXFileReference; lastKnownFileType = sourcecode.c.h; path = ExtensionDelegate.h; sourceTree = "<group>"; };
		2522B8FB1BD437A400FCBAC3 /* ExtensionDelegate.m */ = {isa = PBXFileReference; lastKnownFileType = sourcecode.c.objc; path = ExtensionDelegate.m; sourceTree = "<group>"; };
		2522B8FD1BD437A400FCBAC3 /* NotificationController.h */ = {isa = PBXFileReference; lastKnownFileType = sourcecode.c.h; path = NotificationController.h; sourceTree = "<group>"; };
		2522B8FE1BD437A400FCBAC3 /* NotificationController.m */ = {isa = PBXFileReference; lastKnownFileType = sourcecode.c.objc; path = NotificationController.m; sourceTree = "<group>"; };
		2522B9001BD437A400FCBAC3 /* Assets.xcassets */ = {isa = PBXFileReference; lastKnownFileType = folder.assetcatalog; path = Assets.xcassets; sourceTree = "<group>"; };
		2522B9021BD437A400FCBAC3 /* Info.plist */ = {isa = PBXFileReference; lastKnownFileType = text.plist.xml; path = Info.plist; sourceTree = "<group>"; };
		25366A9819B7F9EF00EB2F1F /* SDSWebViewController.h */ = {isa = PBXFileReference; fileEncoding = 4; lastKnownFileType = sourcecode.c.h; name = SDSWebViewController.h; path = WebViews/SDSWebViewController.h; sourceTree = "<group>"; };
		25366A9919B7F9EF00EB2F1F /* SDSWebViewController.m */ = {isa = PBXFileReference; fileEncoding = 4; lastKnownFileType = sourcecode.c.objc; name = SDSWebViewController.m; path = WebViews/SDSWebViewController.m; sourceTree = "<group>"; };
		25366A9A19B7F9EF00EB2F1F /* SDSWebViewController.xib */ = {isa = PBXFileReference; fileEncoding = 4; lastKnownFileType = file.xib; name = SDSWebViewController.xib; path = WebViews/SDSWebViewController.xib; sourceTree = "<group>"; };
		256459791BC9DC7A005B25DC /* SDSBaseViewController.h */ = {isa = PBXFileReference; fileEncoding = 4; lastKnownFileType = sourcecode.c.h; path = SDSBaseViewController.h; sourceTree = "<group>"; };
		2564597A1BC9DC7A005B25DC /* SDSBaseViewController.m */ = {isa = PBXFileReference; fileEncoding = 4; lastKnownFileType = sourcecode.c.objc; path = SDSBaseViewController.m; sourceTree = "<group>"; };
		2564597C1BC9DD69005B25DC /* SDSBaseTableViewController.h */ = {isa = PBXFileReference; fileEncoding = 4; lastKnownFileType = sourcecode.c.h; path = SDSBaseTableViewController.h; sourceTree = "<group>"; };
		2564597D1BC9DD69005B25DC /* SDSBaseTableViewController.m */ = {isa = PBXFileReference; fileEncoding = 4; lastKnownFileType = sourcecode.c.objc; path = SDSBaseTableViewController.m; sourceTree = "<group>"; };
		258A185B1B9407A500C1BDB7 /* SDSRegisterVC.h */ = {isa = PBXFileReference; fileEncoding = 4; lastKnownFileType = sourcecode.c.h; path = SDSRegisterVC.h; sourceTree = "<group>"; };
		258A185C1B9407A500C1BDB7 /* SDSRegisterVC.m */ = {isa = PBXFileReference; fileEncoding = 4; lastKnownFileType = sourcecode.c.objc; path = SDSRegisterVC.m; sourceTree = "<group>"; };
		258D82D31BD0D35C00AAFA43 /* launch.storyboard */ = {isa = PBXFileReference; fileEncoding = 4; lastKnownFileType = file.storyboard; path = launch.storyboard; sourceTree = "<group>"; };
		259D10491BE9C29C003F11B5 /* SDSRochesterTVC.h */ = {isa = PBXFileReference; fileEncoding = 4; lastKnownFileType = sourcecode.c.h; path = SDSRochesterTVC.h; sourceTree = "<group>"; };
		259D104A1BE9C29C003F11B5 /* SDSRochesterTVC.m */ = {isa = PBXFileReference; fileEncoding = 4; lastKnownFileType = sourcecode.c.objc; path = SDSRochesterTVC.m; sourceTree = "<group>"; };
		25CB36B319B4338D00F5000A /* SDSMainTBC.h */ = {isa = PBXFileReference; fileEncoding = 4; lastKnownFileType = sourcecode.c.h; path = SDSMainTBC.h; sourceTree = "<group>"; };
		25CB36B419B4338D00F5000A /* SDSMainTBC.m */ = {isa = PBXFileReference; fileEncoding = 4; lastKnownFileType = sourcecode.c.objc; path = SDSMainTBC.m; sourceTree = "<group>"; };
		25CB36B619B43A6E00F5000A /* SDSSocialVC.h */ = {isa = PBXFileReference; fileEncoding = 4; lastKnownFileType = sourcecode.c.h; path = SDSSocialVC.h; sourceTree = "<group>"; };
		25CB36B719B43A6E00F5000A /* SDSSocialVC.m */ = {isa = PBXFileReference; fileEncoding = 4; lastKnownFileType = sourcecode.c.objc; path = SDSSocialVC.m; sourceTree = "<group>"; };
		3E7EA7C280145686B76D065A /* Pods-SDS-2014-2015.debug.xcconfig */ = {isa = PBXFileReference; includeInIndex = 1; lastKnownFileType = text.xcconfig; name = "Pods-SDS-2014-2015.debug.xcconfig"; path = "Pods/Target Support Files/Pods-SDS-2014-2015/Pods-SDS-2014-2015.debug.xcconfig"; sourceTree = "<group>"; };
		C2A74F878B510ABA4A225566 /* Pods-SDS-2014-2015.release.xcconfig */ = {isa = PBXFileReference; includeInIndex = 1; lastKnownFileType = text.xcconfig; name = "Pods-SDS-2014-2015.release.xcconfig"; path = "Pods/Target Support Files/Pods-SDS-2014-2015/Pods-SDS-2014-2015.release.xcconfig"; sourceTree = "<group>"; };
/* End PBXFileReference section */

/* Begin PBXFrameworksBuildPhase section */
		250CA344197B1D0F006A6735 /* Frameworks */ = {
			isa = PBXFrameworksBuildPhase;
			buildActionMask = 2147483647;
			files = (
				250CA34D197B1D0F006A6735 /* CoreGraphics.framework in Frameworks */,
				250CA34F197B1D0F006A6735 /* UIKit.framework in Frameworks */,
				250CA34B197B1D0F006A6735 /* Foundation.framework in Frameworks */,
				D7E25C6364F04A2588B6D697 /* libPods-SDS-2014-2015.a in Frameworks */,
			);
			runOnlyForDeploymentPostprocessing = 0;
		};
		250CA36B197B1D0F006A6735 /* Frameworks */ = {
			isa = PBXFrameworksBuildPhase;
			buildActionMask = 2147483647;
			files = (
				250CA370197B1D0F006A6735 /* XCTest.framework in Frameworks */,
				250CA372197B1D0F006A6735 /* UIKit.framework in Frameworks */,
				250CA371197B1D0F006A6735 /* Foundation.framework in Frameworks */,
			);
			runOnlyForDeploymentPostprocessing = 0;
		};
		2522B8ED1BD437A400FCBAC3 /* Frameworks */ = {
			isa = PBXFrameworksBuildPhase;
			buildActionMask = 2147483647;
			files = (
			);
			runOnlyForDeploymentPostprocessing = 0;
		};
/* End PBXFrameworksBuildPhase section */

/* Begin PBXGroup section */
		250CA33E197B1D0F006A6735 = {
			isa = PBXGroup;
			children = (
				258D82D31BD0D35C00AAFA43 /* launch.storyboard */,
				250CA350197B1D0F006A6735 /* SDS-2014-2015 */,
				250CA375197B1D0F006A6735 /* SDS-2014-2015Tests */,
				2522B8E51BD437A400FCBAC3 /* SDS_Watch_App */,
				2522B8F41BD437A400FCBAC3 /* SDS_Watch_App Extension */,
				250CA349197B1D0F006A6735 /* Frameworks */,
				250CA348197B1D0F006A6735 /* Products */,
				4B218D908F1979D9AFEC290C /* Pods */,
			);
			sourceTree = "<group>";
		};
		250CA348197B1D0F006A6735 /* Products */ = {
			isa = PBXGroup;
			children = (
				250CA347197B1D0F006A6735 /* SDS-2014-2015.app */,
				250CA36E197B1D0F006A6735 /* SDS-2014-2015Tests.xctest */,
				2522B8E41BD437A300FCBAC3 /* SDS_Watch_App.app */,
				2522B8F01BD437A400FCBAC3 /* SDS_Watch_App Extension.appex */,
			);
			name = Products;
			sourceTree = "<group>";
		};
		250CA349197B1D0F006A6735 /* Frameworks */ = {
			isa = PBXGroup;
			children = (
				250CA34A197B1D0F006A6735 /* Foundation.framework */,
				250CA34C197B1D0F006A6735 /* CoreGraphics.framework */,
				250CA34E197B1D0F006A6735 /* UIKit.framework */,
				250CA36F197B1D0F006A6735 /* XCTest.framework */,
				0EDBFE4E83784A98838E9B00 /* libPods-SDS-2014-2015.a */,
			);
			name = Frameworks;
			sourceTree = "<group>";
		};
		250CA350197B1D0F006A6735 /* SDS-2014-2015 */ = {
			isa = PBXGroup;
			children = (
				250CA387197B1DB0006A6735 /* Views */,
				250CA359197B1D0F006A6735 /* SDSAppDelegate.h */,
				250CA35A197B1D0F006A6735 /* SDSAppDelegate.m */,
				250CA35C197B1D0F006A6735 /* Main_iPhone.storyboard */,
				250CA35F197B1D0F006A6735 /* Main_iPad.storyboard */,
				250CA368197B1D0F006A6735 /* Images.xcassets */,
				250CA351197B1D0F006A6735 /* Supporting Files */,
			);
			path = "SDS-2014-2015";
			sourceTree = "<group>";
		};
		250CA351197B1D0F006A6735 /* Supporting Files */ = {
			isa = PBXGroup;
			children = (
				250CA352197B1D0F006A6735 /* SDS-2014-2015-Info.plist */,
				250CA353197B1D0F006A6735 /* InfoPlist.strings */,
				250CA356197B1D0F006A6735 /* main.m */,
				250CA358197B1D0F006A6735 /* SDS-2014-2015-Prefix.pch */,
			);
			name = "Supporting Files";
			sourceTree = "<group>";
		};
		250CA375197B1D0F006A6735 /* SDS-2014-2015Tests */ = {
			isa = PBXGroup;
			children = (
				250CA37B197B1D0F006A6735 /* SDS_2014_2015Tests.m */,
				250CA376197B1D0F006A6735 /* Supporting Files */,
			);
			path = "SDS-2014-2015Tests";
			sourceTree = "<group>";
		};
		250CA376197B1D0F006A6735 /* Supporting Files */ = {
			isa = PBXGroup;
			children = (
				250CA377197B1D0F006A6735 /* SDS-2014-2015Tests-Info.plist */,
				250CA378197B1D0F006A6735 /* InfoPlist.strings */,
			);
			name = "Supporting Files";
			sourceTree = "<group>";
		};
		250CA387197B1DB0006A6735 /* Views */ = {
			isa = PBXGroup;
			children = (
				25366A9719B7F9CF00EB2F1F /* WebViews */,
				250CA388197B1DB0006A6735 /* SDSFacultyTVC.h */,
				250CA389197B1DB0006A6735 /* SDSFacultyTVC.m */,
				250CA38A197B1DB0006A6735 /* SDSScheduleTVC.h */,
				250CA38B197B1DB0006A6735 /* SDSScheduleTVC.m */,
				250CA38C197B1DB0006A6735 /* SDSTeacherTVCell.h */,
				250CA38D197B1DB0006A6735 /* SDSTeacherTVCell.m */,
				250CA396197B2084006A6735 /* SDSTeacherProfileVC.h */,
				250CA397197B2084006A6735 /* SDSTeacherProfileVC.m */,
				25CB36B319B4338D00F5000A /* SDSMainTBC.h */,
				25CB36B419B4338D00F5000A /* SDSMainTBC.m */,
				25CB36B619B43A6E00F5000A /* SDSSocialVC.h */,
				25CB36B719B43A6E00F5000A /* SDSSocialVC.m */,
				258A185B1B9407A500C1BDB7 /* SDSRegisterVC.h */,
				258A185C1B9407A500C1BDB7 /* SDSRegisterVC.m */,
				256459791BC9DC7A005B25DC /* SDSBaseViewController.h */,
				2564597A1BC9DC7A005B25DC /* SDSBaseViewController.m */,
				2564597C1BC9DD69005B25DC /* SDSBaseTableViewController.h */,
				2564597D1BC9DD69005B25DC /* SDSBaseTableViewController.m */,
				259D10491BE9C29C003F11B5 /* SDSRochesterTVC.h */,
				259D104A1BE9C29C003F11B5 /* SDSRochesterTVC.m */,
			);
			path = Views;
			sourceTree = "<group>";
		};
		2522B8E51BD437A400FCBAC3 /* SDS_Watch_App */ = {
			isa = PBXGroup;
			children = (
				2522B8E61BD437A400FCBAC3 /* Interface.storyboard */,
				2522B8E91BD437A400FCBAC3 /* Assets.xcassets */,
				2522B8EB1BD437A400FCBAC3 /* Info.plist */,
			);
			path = SDS_Watch_App;
			sourceTree = "<group>";
		};
		2522B8F41BD437A400FCBAC3 /* SDS_Watch_App Extension */ = {
			isa = PBXGroup;
			children = (
				2522B8F71BD437A400FCBAC3 /* InterfaceController.h */,
				2522B8F81BD437A400FCBAC3 /* InterfaceController.m */,
				2522B8FA1BD437A400FCBAC3 /* ExtensionDelegate.h */,
				2522B8FB1BD437A400FCBAC3 /* ExtensionDelegate.m */,
				2522B8FD1BD437A400FCBAC3 /* NotificationController.h */,
				2522B8FE1BD437A400FCBAC3 /* NotificationController.m */,
				2522B9001BD437A400FCBAC3 /* Assets.xcassets */,
				2522B9021BD437A400FCBAC3 /* Info.plist */,
				2522B8F51BD437A400FCBAC3 /* Supporting Files */,
			);
			path = "SDS_Watch_App Extension";
			sourceTree = "<group>";
		};
		2522B8F51BD437A400FCBAC3 /* Supporting Files */ = {
			isa = PBXGroup;
			children = (
				2522B8F61BD437A400FCBAC3 /* PushNotificationPayload.apns */,
			);
			name = "Supporting Files";
			sourceTree = "<group>";
		};
		25366A9719B7F9CF00EB2F1F /* WebViews */ = {
			isa = PBXGroup;
			children = (
				25366A9819B7F9EF00EB2F1F /* SDSWebViewController.h */,
				25366A9919B7F9EF00EB2F1F /* SDSWebViewController.m */,
				25366A9A19B7F9EF00EB2F1F /* SDSWebViewController.xib */,
			);
			name = WebViews;
			sourceTree = "<group>";
		};
		4B218D908F1979D9AFEC290C /* Pods */ = {
			isa = PBXGroup;
			children = (
				3E7EA7C280145686B76D065A /* Pods-SDS-2014-2015.debug.xcconfig */,
				C2A74F878B510ABA4A225566 /* Pods-SDS-2014-2015.release.xcconfig */,
			);
			name = Pods;
			sourceTree = "<group>";
		};
/* End PBXGroup section */

/* Begin PBXNativeTarget section */
		250CA346197B1D0F006A6735 /* SDS-2014-2015 */ = {
			isa = PBXNativeTarget;
			buildConfigurationList = 250CA37F197B1D0F006A6735 /* Build configuration list for PBXNativeTarget "SDS-2014-2015" */;
			buildPhases = (
				2CDCB376CD73424490A997D3 /* Check Pods Manifest.lock */,
				250CA343197B1D0F006A6735 /* Sources */,
				250CA344197B1D0F006A6735 /* Frameworks */,
				250CA345197B1D0F006A6735 /* Resources */,
				3035D8BA9E7A4E46977C6E30 /* Copy Pods Resources */,
				2522B8BB1BD4316900FCBAC3 /* Embed Watch Content */,
			);
			buildRules = (
			);
			dependencies = (
				2522B9041BD437A400FCBAC3 /* PBXTargetDependency */,
			);
			name = "SDS-2014-2015";
			productName = "SDS-2014-2015";
			productReference = 250CA347197B1D0F006A6735 /* SDS-2014-2015.app */;
			productType = "com.apple.product-type.application";
		};
		250CA36D197B1D0F006A6735 /* SDS-2014-2015Tests */ = {
			isa = PBXNativeTarget;
			buildConfigurationList = 250CA382197B1D0F006A6735 /* Build configuration list for PBXNativeTarget "SDS-2014-2015Tests" */;
			buildPhases = (
				250CA36A197B1D0F006A6735 /* Sources */,
				250CA36B197B1D0F006A6735 /* Frameworks */,
				250CA36C197B1D0F006A6735 /* Resources */,
			);
			buildRules = (
			);
			dependencies = (
				250CA374197B1D0F006A6735 /* PBXTargetDependency */,
			);
			name = "SDS-2014-2015Tests";
			productName = "SDS-2014-2015Tests";
			productReference = 250CA36E197B1D0F006A6735 /* SDS-2014-2015Tests.xctest */;
			productType = "com.apple.product-type.bundle.unit-test";
		};
		2522B8E31BD437A300FCBAC3 /* SDS_Watch_App */ = {
			isa = PBXNativeTarget;
			buildConfigurationList = 2522B90A1BD437A400FCBAC3 /* Build configuration list for PBXNativeTarget "SDS_Watch_App" */;
			buildPhases = (
				2522B8E21BD437A300FCBAC3 /* Resources */,
				2522B9091BD437A400FCBAC3 /* Embed App Extensions */,
			);
			buildRules = (
			);
			dependencies = (
				2522B8F31BD437A400FCBAC3 /* PBXTargetDependency */,
			);
			name = SDS_Watch_App;
			productName = SDS_Watch_App;
			productReference = 2522B8E41BD437A300FCBAC3 /* SDS_Watch_App.app */;
			productType = "com.apple.product-type.application.watchapp2";
		};
		2522B8EF1BD437A400FCBAC3 /* SDS_Watch_App Extension */ = {
			isa = PBXNativeTarget;
			buildConfigurationList = 2522B9061BD437A400FCBAC3 /* Build configuration list for PBXNativeTarget "SDS_Watch_App Extension" */;
			buildPhases = (
				2522B8EC1BD437A400FCBAC3 /* Sources */,
				2522B8ED1BD437A400FCBAC3 /* Frameworks */,
				2522B8EE1BD437A400FCBAC3 /* Resources */,
			);
			buildRules = (
			);
			dependencies = (
			);
			name = "SDS_Watch_App Extension";
			productName = "SDS_Watch_App Extension";
			productReference = 2522B8F01BD437A400FCBAC3 /* SDS_Watch_App Extension.appex */;
			productType = "com.apple.product-type.watchkit2-extension";
		};
/* End PBXNativeTarget section */

/* Begin PBXProject section */
		250CA33F197B1D0F006A6735 /* Project object */ = {
			isa = PBXProject;
			attributes = {
				CLASSPREFIX = SDS;
				LastUpgradeCheck = 0700;
				ORGANIZATIONNAME = "Soul de Soul, LLC.";
				TargetAttributes = {
					250CA346197B1D0F006A6735 = {
						DevelopmentTeam = G76K36D6Y7;
						SystemCapabilities = {
							com.apple.iOS = {
								enabled = 0;
							};
						};
					};
					250CA36D197B1D0F006A6735 = {
						TestTargetID = 250CA346197B1D0F006A6735;
					};
					2522B8E31BD437A300FCBAC3 = {
						CreatedOnToolsVersion = 7.0.1;
						DevelopmentTeam = G76K36D6Y7;
					};
					2522B8EF1BD437A400FCBAC3 = {
						CreatedOnToolsVersion = 7.0.1;
						DevelopmentTeam = G76K36D6Y7;
					};
				};
			};
			buildConfigurationList = 250CA342197B1D0F006A6735 /* Build configuration list for PBXProject "Soul de Soul" */;
			compatibilityVersion = "Xcode 3.2";
			developmentRegion = English;
			hasScannedForEncodings = 0;
			knownRegions = (
				en,
				Base,
			);
			mainGroup = 250CA33E197B1D0F006A6735;
			productRefGroup = 250CA348197B1D0F006A6735 /* Products */;
			projectDirPath = "";
			projectRoot = "";
			targets = (
				250CA346197B1D0F006A6735 /* SDS-2014-2015 */,
				250CA36D197B1D0F006A6735 /* SDS-2014-2015Tests */,
				2522B8E31BD437A300FCBAC3 /* SDS_Watch_App */,
				2522B8EF1BD437A400FCBAC3 /* SDS_Watch_App Extension */,
			);
		};
/* End PBXProject section */

/* Begin PBXResourcesBuildPhase section */
		250CA345197B1D0F006A6735 /* Resources */ = {
			isa = PBXResourcesBuildPhase;
			buildActionMask = 2147483647;
			files = (
				25366A9C19B7F9EF00EB2F1F /* SDSWebViewController.xib in Resources */,
				250CA361197B1D0F006A6735 /* Main_iPad.storyboard in Resources */,
				250CA369197B1D0F006A6735 /* Images.xcassets in Resources */,
				258D82D41BD0D35C00AAFA43 /* launch.storyboard in Resources */,
				250CA35E197B1D0F006A6735 /* Main_iPhone.storyboard in Resources */,
				250CA355197B1D0F006A6735 /* InfoPlist.strings in Resources */,
			);
			runOnlyForDeploymentPostprocessing = 0;
		};
		250CA36C197B1D0F006A6735 /* Resources */ = {
			isa = PBXResourcesBuildPhase;
			buildActionMask = 2147483647;
			files = (
				250CA37A197B1D0F006A6735 /* InfoPlist.strings in Resources */,
			);
			runOnlyForDeploymentPostprocessing = 0;
		};
		2522B8E21BD437A300FCBAC3 /* Resources */ = {
			isa = PBXResourcesBuildPhase;
			buildActionMask = 2147483647;
			files = (
				2522B8EA1BD437A400FCBAC3 /* Assets.xcassets in Resources */,
				2522B8E81BD437A400FCBAC3 /* Interface.storyboard in Resources */,
			);
			runOnlyForDeploymentPostprocessing = 0;
		};
		2522B8EE1BD437A400FCBAC3 /* Resources */ = {
			isa = PBXResourcesBuildPhase;
			buildActionMask = 2147483647;
			files = (
				2522B9011BD437A400FCBAC3 /* Assets.xcassets in Resources */,
			);
			runOnlyForDeploymentPostprocessing = 0;
		};
/* End PBXResourcesBuildPhase section */

/* Begin PBXShellScriptBuildPhase section */
		2CDCB376CD73424490A997D3 /* Check Pods Manifest.lock */ = {
			isa = PBXShellScriptBuildPhase;
			buildActionMask = 2147483647;
			files = (
			);
			inputPaths = (
			);
			name = "Check Pods Manifest.lock";
			outputPaths = (
			);
			runOnlyForDeploymentPostprocessing = 0;
			shellPath = /bin/sh;
			shellScript = "diff \"${PODS_ROOT}/../Podfile.lock\" \"${PODS_ROOT}/Manifest.lock\" > /dev/null\nif [[ $? != 0 ]] ; then\n    cat << EOM\nerror: The sandbox is not in sync with the Podfile.lock. Run 'pod install' or update your CocoaPods installation.\nEOM\n    exit 1\nfi\n";
			showEnvVarsInLog = 0;
		};
		3035D8BA9E7A4E46977C6E30 /* Copy Pods Resources */ = {
			isa = PBXShellScriptBuildPhase;
			buildActionMask = 2147483647;
			files = (
			);
			inputPaths = (
			);
			name = "Copy Pods Resources";
			outputPaths = (
			);
			runOnlyForDeploymentPostprocessing = 0;
			shellPath = /bin/sh;
			shellScript = "\"${SRCROOT}/Pods/Target Support Files/Pods-SDS-2014-2015/Pods-SDS-2014-2015-resources.sh\"\n";
			showEnvVarsInLog = 0;
		};
/* End PBXShellScriptBuildPhase section */

/* Begin PBXSourcesBuildPhase section */
		250CA343197B1D0F006A6735 /* Sources */ = {
			isa = PBXSourcesBuildPhase;
			buildActionMask = 2147483647;
			files = (
				258A185D1B9407A500C1BDB7 /* SDSRegisterVC.m in Sources */,
				25366A9B19B7F9EF00EB2F1F /* SDSWebViewController.m in Sources */,
				250CA398197B2084006A6735 /* SDSTeacherProfileVC.m in Sources */,
				259D104B1BE9C29C003F11B5 /* SDSRochesterTVC.m in Sources */,
				250CA390197B1DB0006A6735 /* SDSTeacherTVCell.m in Sources */,
				250CA38F197B1DB0006A6735 /* SDSScheduleTVC.m in Sources */,
				250CA357197B1D0F006A6735 /* main.m in Sources */,
				25CB36B819B43A6E00F5000A /* SDSSocialVC.m in Sources */,
				250CA38E197B1DB0006A6735 /* SDSFacultyTVC.m in Sources */,
				250CA35B197B1D0F006A6735 /* SDSAppDelegate.m in Sources */,
				2564597B1BC9DC7A005B25DC /* SDSBaseViewController.m in Sources */,
				25CB36B519B4338D00F5000A /* SDSMainTBC.m in Sources */,
				2564597E1BC9DD69005B25DC /* SDSBaseTableViewController.m in Sources */,
			);
			runOnlyForDeploymentPostprocessing = 0;
		};
		250CA36A197B1D0F006A6735 /* Sources */ = {
			isa = PBXSourcesBuildPhase;
			buildActionMask = 2147483647;
			files = (
				250CA37C197B1D0F006A6735 /* SDS_2014_2015Tests.m in Sources */,
			);
			runOnlyForDeploymentPostprocessing = 0;
		};
		2522B8EC1BD437A400FCBAC3 /* Sources */ = {
			isa = PBXSourcesBuildPhase;
			buildActionMask = 2147483647;
			files = (
				2522B8FC1BD437A400FCBAC3 /* ExtensionDelegate.m in Sources */,
				2522B8F91BD437A400FCBAC3 /* InterfaceController.m in Sources */,
				2522B8FF1BD437A400FCBAC3 /* NotificationController.m in Sources */,
			);
			runOnlyForDeploymentPostprocessing = 0;
		};
/* End PBXSourcesBuildPhase section */

/* Begin PBXTargetDependency section */
		250CA374197B1D0F006A6735 /* PBXTargetDependency */ = {
			isa = PBXTargetDependency;
			target = 250CA346197B1D0F006A6735 /* SDS-2014-2015 */;
			targetProxy = 250CA373197B1D0F006A6735 /* PBXContainerItemProxy */;
		};
		2522B8F31BD437A400FCBAC3 /* PBXTargetDependency */ = {
			isa = PBXTargetDependency;
			target = 2522B8EF1BD437A400FCBAC3 /* SDS_Watch_App Extension */;
			targetProxy = 2522B8F21BD437A400FCBAC3 /* PBXContainerItemProxy */;
		};
		2522B9041BD437A400FCBAC3 /* PBXTargetDependency */ = {
			isa = PBXTargetDependency;
			target = 2522B8E31BD437A300FCBAC3 /* SDS_Watch_App */;
			targetProxy = 2522B9031BD437A400FCBAC3 /* PBXContainerItemProxy */;
		};
/* End PBXTargetDependency section */

/* Begin PBXVariantGroup section */
		250CA353197B1D0F006A6735 /* InfoPlist.strings */ = {
			isa = PBXVariantGroup;
			children = (
				250CA354197B1D0F006A6735 /* en */,
			);
			name = InfoPlist.strings;
			sourceTree = "<group>";
		};
		250CA35C197B1D0F006A6735 /* Main_iPhone.storyboard */ = {
			isa = PBXVariantGroup;
			children = (
				250CA35D197B1D0F006A6735 /* Base */,
			);
			name = Main_iPhone.storyboard;
			sourceTree = "<group>";
		};
		250CA35F197B1D0F006A6735 /* Main_iPad.storyboard */ = {
			isa = PBXVariantGroup;
			children = (
				250CA360197B1D0F006A6735 /* Base */,
			);
			name = Main_iPad.storyboard;
			sourceTree = "<group>";
		};
		250CA378197B1D0F006A6735 /* InfoPlist.strings */ = {
			isa = PBXVariantGroup;
			children = (
				250CA379197B1D0F006A6735 /* en */,
			);
			name = InfoPlist.strings;
			sourceTree = "<group>";
		};
		2522B8E61BD437A400FCBAC3 /* Interface.storyboard */ = {
			isa = PBXVariantGroup;
			children = (
				2522B8E71BD437A400FCBAC3 /* Base */,
			);
			name = Interface.storyboard;
			sourceTree = "<group>";
		};
/* End PBXVariantGroup section */

/* Begin XCBuildConfiguration section */
		250CA37D197B1D0F006A6735 /* Debug */ = {
			isa = XCBuildConfiguration;
			buildSettings = {
				ALWAYS_SEARCH_USER_PATHS = NO;
				CLANG_CXX_LANGUAGE_STANDARD = "gnu++0x";
				CLANG_CXX_LIBRARY = "libc++";
				CLANG_ENABLE_MODULES = YES;
				CLANG_ENABLE_OBJC_ARC = YES;
				CLANG_WARN_BOOL_CONVERSION = YES;
				CLANG_WARN_CONSTANT_CONVERSION = YES;
				CLANG_WARN_DIRECT_OBJC_ISA_USAGE = YES_ERROR;
				CLANG_WARN_EMPTY_BODY = YES;
				CLANG_WARN_ENUM_CONVERSION = YES;
				CLANG_WARN_INT_CONVERSION = YES;
				CLANG_WARN_OBJC_ROOT_CLASS = YES_ERROR;
				CLANG_WARN__DUPLICATE_METHOD_MATCH = YES;
				"CODE_SIGN_IDENTITY[sdk=iphoneos*]" = "iPhone Developer";
				COPY_PHASE_STRIP = NO;
				ENABLE_TESTABILITY = YES;
				GCC_C_LANGUAGE_STANDARD = gnu99;
				GCC_DYNAMIC_NO_PIC = NO;
				GCC_OPTIMIZATION_LEVEL = 0;
				GCC_PREPROCESSOR_DEFINITIONS = (
					"DEBUG=1",
					"$(inherited)",
				);
				GCC_SYMBOLS_PRIVATE_EXTERN = NO;
				GCC_WARN_64_TO_32_BIT_CONVERSION = YES;
				GCC_WARN_ABOUT_RETURN_TYPE = YES_ERROR;
				GCC_WARN_UNDECLARED_SELECTOR = YES;
				GCC_WARN_UNINITIALIZED_AUTOS = YES_AGGRESSIVE;
				GCC_WARN_UNUSED_FUNCTION = YES;
				GCC_WARN_UNUSED_VARIABLE = YES;
				IPHONEOS_DEPLOYMENT_TARGET = 8.0;
				ONLY_ACTIVE_ARCH = YES;
				SDKROOT = iphoneos;
				TARGETED_DEVICE_FAMILY = "1,2";
			};
			name = Debug;
		};
		250CA37E197B1D0F006A6735 /* Release */ = {
			isa = XCBuildConfiguration;
			buildSettings = {
				ALWAYS_SEARCH_USER_PATHS = NO;
				CLANG_CXX_LANGUAGE_STANDARD = "gnu++0x";
				CLANG_CXX_LIBRARY = "libc++";
				CLANG_ENABLE_MODULES = YES;
				CLANG_ENABLE_OBJC_ARC = YES;
				CLANG_WARN_BOOL_CONVERSION = YES;
				CLANG_WARN_CONSTANT_CONVERSION = YES;
				CLANG_WARN_DIRECT_OBJC_ISA_USAGE = YES_ERROR;
				CLANG_WARN_EMPTY_BODY = YES;
				CLANG_WARN_ENUM_CONVERSION = YES;
				CLANG_WARN_INT_CONVERSION = YES;
				CLANG_WARN_OBJC_ROOT_CLASS = YES_ERROR;
				CLANG_WARN__DUPLICATE_METHOD_MATCH = YES;
				"CODE_SIGN_IDENTITY[sdk=iphoneos*]" = "iPhone Developer";
				COPY_PHASE_STRIP = NO;
				ENABLE_NS_ASSERTIONS = NO;
				GCC_C_LANGUAGE_STANDARD = gnu99;
				GCC_WARN_64_TO_32_BIT_CONVERSION = YES;
				GCC_WARN_ABOUT_RETURN_TYPE = YES_ERROR;
				GCC_WARN_UNDECLARED_SELECTOR = YES;
				GCC_WARN_UNINITIALIZED_AUTOS = YES_AGGRESSIVE;
				GCC_WARN_UNUSED_FUNCTION = YES;
				GCC_WARN_UNUSED_VARIABLE = YES;
				IPHONEOS_DEPLOYMENT_TARGET = 8.0;
				SDKROOT = iphoneos;
				TARGETED_DEVICE_FAMILY = "1,2";
				VALIDATE_PRODUCT = YES;
			};
			name = Release;
		};
		250CA380197B1D0F006A6735 /* Debug */ = {
			isa = XCBuildConfiguration;
			baseConfigurationReference = 3E7EA7C280145686B76D065A /* Pods-SDS-2014-2015.debug.xcconfig */;
			buildSettings = {
				ASSETCATALOG_COMPILER_APPICON_NAME = AppIcon;
				CODE_SIGN_IDENTITY = "iPhone Developer";
				GCC_PRECOMPILE_PREFIX_HEADER = YES;
				GCC_PREFIX_HEADER = "SDS-2014-2015/SDS-2014-2015-Prefix.pch";
				INFOPLIST_FILE = "SDS-2014-2015/SDS-2014-2015-Info.plist";
				IPHONEOS_DEPLOYMENT_TARGET = 8.0;
				PRODUCT_BUNDLE_IDENTIFIER = SoulDeSoul.App;
				PRODUCT_NAME = "$(TARGET_NAME)";
				TARGETED_DEVICE_FAMILY = 1;
				WRAPPER_EXTENSION = app;
			};
			name = Debug;
		};
		250CA381197B1D0F006A6735 /* Release */ = {
			isa = XCBuildConfiguration;
			baseConfigurationReference = C2A74F878B510ABA4A225566 /* Pods-SDS-2014-2015.release.xcconfig */;
			buildSettings = {
				ASSETCATALOG_COMPILER_APPICON_NAME = AppIcon;
				CODE_SIGN_IDENTITY = "iPhone Developer";
				GCC_PRECOMPILE_PREFIX_HEADER = YES;
				GCC_PREFIX_HEADER = "SDS-2014-2015/SDS-2014-2015-Prefix.pch";
				INFOPLIST_FILE = "SDS-2014-2015/SDS-2014-2015-Info.plist";
				IPHONEOS_DEPLOYMENT_TARGET = 8.0;
				PRODUCT_BUNDLE_IDENTIFIER = SoulDeSoul.App;
				PRODUCT_NAME = "$(TARGET_NAME)";
				TARGETED_DEVICE_FAMILY = 1;
				WRAPPER_EXTENSION = app;
			};
			name = Release;
		};
		250CA383197B1D0F006A6735 /* Debug */ = {
			isa = XCBuildConfiguration;
			buildSettings = {
				BUNDLE_LOADER = "$(BUILT_PRODUCTS_DIR)/SDS-2014-2015.app/SDS-2014-2015";
				FRAMEWORK_SEARCH_PATHS = (
					"$(SDKROOT)/Developer/Library/Frameworks",
					"$(inherited)",
					"$(DEVELOPER_FRAMEWORKS_DIR)",
				);
				GCC_PRECOMPILE_PREFIX_HEADER = YES;
				GCC_PREFIX_HEADER = "SDS-2014-2015/SDS-2014-2015-Prefix.pch";
				GCC_PREPROCESSOR_DEFINITIONS = (
					"DEBUG=1",
					"$(inherited)",
				);
				INFOPLIST_FILE = "SDS-2014-2015Tests/SDS-2014-2015Tests-Info.plist";
				PRODUCT_BUNDLE_IDENTIFIER = "Soul-De-Soul.${PRODUCT_NAME:rfc1034identifier}";
				PRODUCT_NAME = "$(TARGET_NAME)";
				TEST_HOST = "$(BUNDLE_LOADER)";
				WRAPPER_EXTENSION = xctest;
			};
			name = Debug;
		};
		250CA384197B1D0F006A6735 /* Release */ = {
			isa = XCBuildConfiguration;
			buildSettings = {
				BUNDLE_LOADER = "$(BUILT_PRODUCTS_DIR)/SDS-2014-2015.app/SDS-2014-2015";
				FRAMEWORK_SEARCH_PATHS = (
					"$(SDKROOT)/Developer/Library/Frameworks",
					"$(inherited)",
					"$(DEVELOPER_FRAMEWORKS_DIR)",
				);
				GCC_PRECOMPILE_PREFIX_HEADER = YES;
				GCC_PREFIX_HEADER = "SDS-2014-2015/SDS-2014-2015-Prefix.pch";
				INFOPLIST_FILE = "SDS-2014-2015Tests/SDS-2014-2015Tests-Info.plist";
				PRODUCT_BUNDLE_IDENTIFIER = "Soul-De-Soul.${PRODUCT_NAME:rfc1034identifier}";
				PRODUCT_NAME = "$(TARGET_NAME)";
				TEST_HOST = "$(BUNDLE_LOADER)";
				WRAPPER_EXTENSION = xctest;
			};
			name = Release;
		};
		2522B9071BD437A400FCBAC3 /* Debug */ = {
			isa = XCBuildConfiguration;
			buildSettings = {
				CLANG_WARN_UNREACHABLE_CODE = YES;
				CODE_SIGN_IDENTITY = "iPhone Developer";
				"CODE_SIGN_IDENTITY[sdk=watchos*]" = "iPhone Developer";
				DEBUG_INFORMATION_FORMAT = dwarf;
				ENABLE_STRICT_OBJC_MSGSEND = YES;
				GCC_NO_COMMON_BLOCKS = YES;
				INFOPLIST_FILE = "SDS_Watch_App Extension/Info.plist";
				LD_RUNPATH_SEARCH_PATHS = "$(inherited) @executable_path/Frameworks @executable_path/../../Frameworks";
				MTL_ENABLE_DEBUG_INFO = YES;
				PRODUCT_BUNDLE_IDENTIFIER = SoulDeSoul.App.watchkitapp.watchkitextension;
				PRODUCT_NAME = "${TARGET_NAME}";
				PROVISIONING_PROFILE = "";
				SDKROOT = watchos;
				SKIP_INSTALL = YES;
				TARGETED_DEVICE_FAMILY = 4;
				WATCHOS_DEPLOYMENT_TARGET = 2.0;
			};
			name = Debug;
		};
		2522B9081BD437A400FCBAC3 /* Release */ = {
			isa = XCBuildConfiguration;
			buildSettings = {
				CLANG_WARN_UNREACHABLE_CODE = YES;
				CODE_SIGN_IDENTITY = "iPhone Developer";
				"CODE_SIGN_IDENTITY[sdk=watchos*]" = "iPhone Developer";
				COPY_PHASE_STRIP = NO;
				DEBUG_INFORMATION_FORMAT = "dwarf-with-dsym";
				ENABLE_STRICT_OBJC_MSGSEND = YES;
				GCC_NO_COMMON_BLOCKS = YES;
				INFOPLIST_FILE = "SDS_Watch_App Extension/Info.plist";
				LD_RUNPATH_SEARCH_PATHS = "$(inherited) @executable_path/Frameworks @executable_path/../../Frameworks";
				MTL_ENABLE_DEBUG_INFO = NO;
				PRODUCT_BUNDLE_IDENTIFIER = SoulDeSoul.App.watchkitapp.watchkitextension;
				PRODUCT_NAME = "${TARGET_NAME}";
				PROVISIONING_PROFILE = "";
				SDKROOT = watchos;
				SKIP_INSTALL = YES;
				TARGETED_DEVICE_FAMILY = 4;
				WATCHOS_DEPLOYMENT_TARGET = 2.0;
			};
			name = Release;
		};
		2522B90B1BD437A400FCBAC3 /* Debug */ = {
			isa = XCBuildConfiguration;
			buildSettings = {
				ASSETCATALOG_COMPILER_APPICON_NAME = AppIcon;
				CLANG_WARN_UNREACHABLE_CODE = YES;
				CODE_SIGN_IDENTITY = "iPhone Developer";
				DEBUG_INFORMATION_FORMAT = dwarf;
				ENABLE_STRICT_OBJC_MSGSEND = YES;
				GCC_NO_COMMON_BLOCKS = YES;
				IBSC_MODULE = SDS_Watch_App_Extension;
				INFOPLIST_FILE = SDS_Watch_App/Info.plist;
				MTL_ENABLE_DEBUG_INFO = YES;
				PRODUCT_BUNDLE_IDENTIFIER = SoulDeSoul.App.watchkitapp;
				PRODUCT_NAME = "$(TARGET_NAME)";
				SDKROOT = watchos;
				SKIP_INSTALL = YES;
				TARGETED_DEVICE_FAMILY = 4;
				WATCHOS_DEPLOYMENT_TARGET = 2.0;
			};
			name = Debug;
		};
		2522B90C1BD437A400FCBAC3 /* Release */ = {
			isa = XCBuildConfiguration;
			buildSettings = {
				ASSETCATALOG_COMPILER_APPICON_NAME = AppIcon;
				CLANG_WARN_UNREACHABLE_CODE = YES;
				CODE_SIGN_IDENTITY = "iPhone Developer";
				COPY_PHASE_STRIP = NO;
				DEBUG_INFORMATION_FORMAT = "dwarf-with-dsym";
				ENABLE_STRICT_OBJC_MSGSEND = YES;
				GCC_NO_COMMON_BLOCKS = YES;
				IBSC_MODULE = SDS_Watch_App_Extension;
				INFOPLIST_FILE = SDS_Watch_App/Info.plist;
				MTL_ENABLE_DEBUG_INFO = NO;
				PRODUCT_BUNDLE_IDENTIFIER = SoulDeSoul.App.watchkitapp;
				PRODUCT_NAME = "$(TARGET_NAME)";
				SDKROOT = watchos;
				SKIP_INSTALL = YES;
				TARGETED_DEVICE_FAMILY = 4;
				WATCHOS_DEPLOYMENT_TARGET = 2.0;
			};
			name = Release;
		};
/* End XCBuildConfiguration section */

/* Begin XCConfigurationList section */
		250CA342197B1D0F006A6735 /* Build configuration list for PBXProject "Soul de Soul" */ = {
			isa = XCConfigurationList;
			buildConfigurations = (
				250CA37D197B1D0F006A6735 /* Debug */,
				250CA37E197B1D0F006A6735 /* Release */,
			);
			defaultConfigurationIsVisible = 0;
			defaultConfigurationName = Release;
		};
		250CA37F197B1D0F006A6735 /* Build configuration list for PBXNativeTarget "SDS-2014-2015" */ = {
			isa = XCConfigurationList;
			buildConfigurations = (
				250CA380197B1D0F006A6735 /* Debug */,
				250CA381197B1D0F006A6735 /* Release */,
			);
			defaultConfigurationIsVisible = 0;
			defaultConfigurationName = Release;
		};
		250CA382197B1D0F006A6735 /* Build configuration list for PBXNativeTarget "SDS-2014-2015Tests" */ = {
			isa = XCConfigurationList;
			buildConfigurations = (
				250CA383197B1D0F006A6735 /* Debug */,
				250CA384197B1D0F006A6735 /* Release */,
			);
			defaultConfigurationIsVisible = 0;
			defaultConfigurationName = Release;
		};
		2522B9061BD437A400FCBAC3 /* Build configuration list for PBXNativeTarget "SDS_Watch_App Extension" */ = {
			isa = XCConfigurationList;
			buildConfigurations = (
				2522B9071BD437A400FCBAC3 /* Debug */,
				2522B9081BD437A400FCBAC3 /* Release */,
			);
			defaultConfigurationIsVisible = 0;
			defaultConfigurationName = Release;
		};
		2522B90A1BD437A400FCBAC3 /* Build configuration list for PBXNativeTarget "SDS_Watch_App" */ = {
			isa = XCConfigurationList;
			buildConfigurations = (
				2522B90B1BD437A400FCBAC3 /* Debug */,
				2522B90C1BD437A400FCBAC3 /* Release */,
			);
			defaultConfigurationIsVisible = 0;
			defaultConfigurationName = Release;
		};
/* End XCConfigurationList section */
	};
	rootObject = 250CA33F197B1D0F006A6735 /* Project object */;
}
